
Microsoft Visual Studio Solution File, Format Version 12.00
# Visual Studio Version 17
VisualStudioVersion = 17.7.34221.43
MinimumVisualStudioVersion = 10.0.40219.1
Project("{2150E333-8FDC-42A3-9474-1A3956D46DE8}") = "Microservices", "Microservices", "{6174AC8D-5E5D-430A-8774-D151B8DF5DC8}"
EndProject
Project("{FAE04EC0-301F-11D3-BF4B-00C04F79EFBC}") = "ApplicationsService", "..\Application\ApplicationsService.csproj", "{A81F0611-2E5E-4051-8679-41816CFBAD92}"
EndProject
Global
	GlobalSection(SolutionConfigurationPlatforms) = preSolution
		Debug|Any CPU = Debug|Any CPU
		Release|Any CPU = Release|Any CPU
	EndGlobalSection
	GlobalSection(ProjectConfigurationPlatforms) = postSolution
		{A81F0611-2E5E-4051-8679-41816CFBAD92}.Debug|Any CPU.ActiveCfg = Debug|Any CPU
		{A81F0611-2E5E-4051-8679-41816CFBAD92}.Debug|Any CPU.Build.0 = Debug|Any CPU
		{A81F0611-2E5E-4051-8679-41816CFBAD92}.Release|Any CPU.ActiveCfg = Release|Any CPU
		{A81F0611-2E5E-4051-8679-41816CFBAD92}.Release|Any CPU.Build.0 = Release|Any CPU
	EndGlobalSection
	GlobalSection(SolutionProperties) = preSolution
		HideSolutionNode = FALSE
	EndGlobalSection
	GlobalSection(NestedProjects) = preSolution
		{A81F0611-2E5E-4051-8679-41816CFBAD92} = {6174AC8D-5E5D-430A-8774-D151B8DF5DC8}
	EndGlobalSection
	GlobalSection(ExtensibilityGlobals) = postSolution
		SolutionGuid = {4995D83E-8DF0-407C-8AED-3FFFEE110736}
	EndGlobalSection
EndGlobal
