
Microsoft Visual Studio Solution File, Format Version 12.00
# Visual Studio Version 17
VisualStudioVersion = 17.7.34221.43
MinimumVisualStudioVersion = 10.0.40219.1
Project("{2150E333-8FDC-42A3-9474-1A3956D46DE8}") = "Microservices", "Microservices", "{6174AC8D-5E5D-430A-8774-D151B8DF5DC8}"
EndProject
Project("{2150E333-8FDC-42A3-9474-1A3956D46DE8}") = "ServiceBus", "ServiceBus", "{E1CFDE26-20A5-4F82-A750-23763ABEF53F}"
EndProject
Project("{9A19103F-16F7-4668-BE54-9A1E7A4F7556}") = "MessageBus", "MessageBus\MessageBus.csproj", "{610531BA-8F40-47DF-981E-CF9D4CDC3DEF}"
EndProject
Project("{9A19103F-16F7-4668-BE54-9A1E7A4F7556}") = "MediPortalEmailService", "EmailService\MediPortalEmailService.csproj", "{6A36942F-14CE-49C0-83C2-68E54351C64E}"
EndProject
Project("{9A19103F-16F7-4668-BE54-9A1E7A4F7556}") = "MediPortalApplications", "MediPortalApplications\MediPortalApplications.csproj", "{D25364A4-606A-469D-8D84-7FFF219A7AA2}"
EndProject
Global
	GlobalSection(SolutionConfigurationPlatforms) = preSolution
		Debug|Any CPU = Debug|Any CPU
		Release|Any CPU = Release|Any CPU
	EndGlobalSection
	GlobalSection(ProjectConfigurationPlatforms) = postSolution
		{610531BA-8F40-47DF-981E-CF9D4CDC3DEF}.Debug|Any CPU.ActiveCfg = Debug|Any CPU
		{610531BA-8F40-47DF-981E-CF9D4CDC3DEF}.Debug|Any CPU.Build.0 = Debug|Any CPU
		{610531BA-8F40-47DF-981E-CF9D4CDC3DEF}.Release|Any CPU.ActiveCfg = Release|Any CPU
		{610531BA-8F40-47DF-981E-CF9D4CDC3DEF}.Release|Any CPU.Build.0 = Release|Any CPU
		{6A36942F-14CE-49C0-83C2-68E54351C64E}.Debug|Any CPU.ActiveCfg = Debug|Any CPU
		{6A36942F-14CE-49C0-83C2-68E54351C64E}.Debug|Any CPU.Build.0 = Debug|Any CPU
		{6A36942F-14CE-49C0-83C2-68E54351C64E}.Release|Any CPU.ActiveCfg = Release|Any CPU
		{6A36942F-14CE-49C0-83C2-68E54351C64E}.Release|Any CPU.Build.0 = Release|Any CPU
		{D25364A4-606A-469D-8D84-7FFF219A7AA2}.Debug|Any CPU.ActiveCfg = Debug|Any CPU
		{D25364A4-606A-469D-8D84-7FFF219A7AA2}.Debug|Any CPU.Build.0 = Debug|Any CPU
		{D25364A4-606A-469D-8D84-7FFF219A7AA2}.Release|Any CPU.ActiveCfg = Release|Any CPU
		{D25364A4-606A-469D-8D84-7FFF219A7AA2}.Release|Any CPU.Build.0 = Release|Any CPU
	EndGlobalSection
	GlobalSection(SolutionProperties) = preSolution
		HideSolutionNode = FALSE
	EndGlobalSection
	GlobalSection(NestedProjects) = preSolution
		{610531BA-8F40-47DF-981E-CF9D4CDC3DEF} = {E1CFDE26-20A5-4F82-A750-23763ABEF53F}
		{6A36942F-14CE-49C0-83C2-68E54351C64E} = {6174AC8D-5E5D-430A-8774-D151B8DF5DC8}
		{D25364A4-606A-469D-8D84-7FFF219A7AA2} = {6174AC8D-5E5D-430A-8774-D151B8DF5DC8}
	EndGlobalSection
	GlobalSection(ExtensibilityGlobals) = postSolution
		SolutionGuid = {4995D83E-8DF0-407C-8AED-3FFFEE110736}
	EndGlobalSection
EndGlobal
